{
  "version": 4,
  "terraform_version": "1.5.5",
  "serial": 54,
  "lineage": "7fe514d9-909c-6857-5eee-d16977deb495",
  "outputs": {
    "ecr_api_url": {
      "value": "900631658306.dkr.ecr.us-east-2.amazonaws.com/db90-app-api",
      "type": "string"
    },
    "ecr_keycloak_url": {
      "value": "900631658306.dkr.ecr.us-east-2.amazonaws.com/db90-app-keycloak",
      "type": "string"
    },
    "ecr_temporal_worker_url": {
      "value": "900631658306.dkr.ecr.us-east-2.amazonaws.com/db90-app-temporal-worker",
      "type": "string"
    },
    "ecr_web_url": {
      "value": "900631658306.dkr.ecr.us-east-2.amazonaws.com/db90-app-web",
      "type": "string"
    },
    "github_deploy_role_arn": {
      "value": "arn:aws:iam::900631658306:role/db90-github-deploy",
      "type": "string"
    },
    "lock_table": {
      "value": "db90-tf-lock",
      "type": "string"
    },
    "nameservers": {
      "value": [
        "ns-1308.awsdns-35.org",
        "ns-1724.awsdns-23.co.uk",
        "ns-344.awsdns-43.com",
        "ns-627.awsdns-14.net"
      ],
      "type": [
        "list",
        "string"
      ]
    },
    "state_bucket": {
      "value": "db90-tf-bucket",
      "type": "string"
    },
    "zone_id": {
      "value": "Z02455683CP4H1QJHKTVO",
      "type": "string"
    }
  },
  "resources": [
    {
      "mode": "data",
      "type": "aws_caller_identity",
      "name": "current",
      "provider": "provider[\"registry.terraform.io/hashicorp/aws\"]",
      "instances": [
        {
          "schema_version": 0,
          "attributes": {
            "account_id": "900631658306",
            "arn": "arn:aws:iam::900631658306:user/alan.turing@example.com",
            "id": "900631658306",
            "user_id": "AIDA5DMOUP5BHNHEV4CVD"
          },
          "sensitive_attributes": []
        }
      ]
    },
    {
      "mode": "managed",
      "type": "aws_dynamodb_table",
      "name": "tflock",
      "provider": "provider[\"registry.terraform.io/hashicorp/aws\"]",
      "instances": [
        {
          "schema_version": 1,
          "attributes": {
            "arn": "arn:aws:dynamodb:us-east-2:900631658306:table/db90-tf-lock",
            "attribute": [
              {
                "name": "LockID",
                "type": "S"
              }
            ],
            "billing_mode": "PAY_PER_REQUEST",
            "deletion_protection_enabled": false,
            "global_secondary_index": [],
            "hash_key": "LockID",
            "id": "db90-tf-lock",
            "import_table": [],
            "local_secondary_index": [],
            "name": "db90-tf-lock",
            "on_demand_throughput": [],
            "point_in_time_recovery": [
              {
                "enabled": false,
                "recovery_period_in_days": 0
              }
            ],
            "range_key": null,
            "read_capacity": 0,
            "replica": [],
            "restore_date_time": null,
            "restore_source_name": null,
            "restore_source_table_arn": null,
            "restore_to_latest_time": null,
            "server_side_encryption": [],
            "stream_arn": "",
            "stream_enabled": false,
            "stream_label": "",
            "stream_view_type": "",
            "table_class": "STANDARD",
            "tags": {},
            "tags_all": {
              "ManagedBy": "terraform",
              "Project": "db90"
            },
            "timeouts": null,
            "ttl": [
              {
                "attribute_name": "",
                "enabled": false
              }
            ],
            "write_capacity": 0
          },
          "sensitive_attributes": [],
          "private": "eyJlMmJmYjczMC1lY2FhLTExZTYtOGY4OC0zNDM2M2JjN2M0YzAiOnsiY3JlYXRlIjoxODAwMDAwMDAwMDAwLCJkZWxldGUiOjYwMDAwMDAwMDAwMCwidXBkYXRlIjozNjAwMDAwMDAwMDAwfSwic2NoZW1hX3ZlcnNpb24iOiIxIn0="
        }
      ]
    },
    {
      "mode": "managed",
      "type": "aws_iam_openid_connect_provider",
      "name": "github",
      "provider": "provider[\"registry.terraform.io/hashicorp/aws\"]",
      "instances": [
        {
          "schema_version": 0,
          "attributes": {
            "arn": "arn:aws:iam::900631658306:oidc-provider/token.actions.githubusercontent.com",
            "client_id_list": [
              "sts.amazonaws.com"
            ],
            "id": "arn:aws:iam::900631658306:oidc-provider/token.actions.githubusercontent.com",
            "tags": {},
            "tags_all": {
              "ManagedBy": "terraform",
              "Project": "db90"
            },
            "thumbprint_list": [
              "6938fd4d98bab03faadb97b34396831e3780aea1"
            ],
            "url": "token.actions.githubusercontent.com"
          },
          "sensitive_attributes": [],
          "private": "bnVsbA=="
        }
      ]
    },
    {
      "mode": "managed",
      "type": "aws_iam_policy",
      "name": "github_deploy",
      "provider": "provider[\"registry.terraform.io/hashicorp/aws\"]",
      "instances": [
        {
          "schema_version": 0,
          "attributes": {
            "arn": "arn:aws:iam::900631658306:policy/db90-github-deploy",
            "attachment_count": 1,
            "description": "",
            "id": "arn:aws:iam::900631658306:policy/db90-github-deploy",
            "name": "db90-github-deploy",
            "name_prefix": "",
            "path": "/",
            "policy": "{\"Statement\":[{\"Action\":[\"ecr:GetAuthorizationToken\",\"ecr:BatchCheckLayerAvailability\",\"ecr:GetDownloadUrlForLayer\",\"ecr:BatchGetImage\",\"ecr:PutImage\",\"ecr:InitiateLayerUpload\",\"ecr:UploadLayerPart\",\"ecr:CompleteLayerUpload\",\"ecr:DescribeRepositories\",\"ecr:ListImages\",\"ecr:DescribeImages\"],\"Effect\":\"Allow\",\"Resource\":\"*\",\"Sid\":\"ECR\"},{\"Action\":[\"ecs:ListClusters\",\"ecs:ListServices\",\"ecs:ListTasks\",\"ecs:ListTaskDefinitions\",\"ecs:DescribeClusters\",\"ecs:DescribeServices\",\"ecs:DescribeTasks\",\"ecs:DescribeTaskDefinition\",\"ecs:RegisterTaskDefinition\",\"ecs:DeregisterTaskDefinition\",\"ecs:UpdateService\",\"ecs:RunTask\",\"ecs:StopTask\",\"ecs:ExecuteCommand\"],\"Effect\":\"Allow\",\"Resource\":\"*\",\"Sid\":\"ECS\"},{\"Action\":\"iam:PassRole\",\"Effect\":\"Allow\",\"Resource\":\"arn:aws:iam::900631658306:role/db90-*-ecs-role\",\"Sid\":\"PassRole\"},{\"Action\":[\"logs:CreateLogStream\",\"logs:PutLogEvents\"],\"Effect\":\"Allow\",\"Resource\":\"*\",\"Sid\":\"Logs\"},{\"Action\":[\"ssm:GetParameters\",\"ssm:GetParameter\"],\"Effect\":\"Allow\",\"Resource\":\"arn:aws:ssm:us-east-2:900631658306:parameter/db90/*\",\"Sid\":\"SSM\"}],\"Version\":\"2012-10-17\"}",
            "policy_id": "ANPA5DMOUP5BPHNSW7E3I",
            "tags": {},
            "tags_all": {
              "ManagedBy": "terraform",
              "Project": "db90"
            }
          },
          "sensitive_attributes": [],
          "private": "bnVsbA==",
          "dependencies": [
            "data.aws_caller_identity.current"
          ]
        }
      ]
    },
    {
      "mode": "managed",
      "type": "aws_iam_role",
      "name": "github_deploy",
      "provider": "provider[\"registry.terraform.io/hashicorp/aws\"]",
      "instances": [
        {
          "schema_version": 0,
          "attributes": {
            "arn": "arn:aws:iam::900631658306:role/db90-github-deploy",
            "assume_role_policy": "{\"Statement\":[{\"Action\":\"sts:AssumeRoleWithWebIdentity\",\"Condition\":{\"StringEquals\":{\"token.actions.githubusercontent.com:aud\":\"sts.amazonaws.com\"},\"StringLike\":{\"token.actions.githubusercontent.com:sub\":\"repo:dualboot-partners/db90-rails:*\"}},\"Effect\":\"Allow\",\"Principal\":{\"Federated\":\"arn:aws:iam::900631658306:oidc-provider/token.actions.githubusercontent.com\"}}],\"Version\":\"2012-10-17\"}",
            "create_date": "2026-02-26T19:08:13Z",
            "description": "",
            "force_detach_policies": false,
            "id": "db90-github-deploy",
            "inline_policy": [],
            "managed_policy_arns": [
              "arn:aws:iam::900631658306:policy/db90-github-deploy"
            ],
            "max_session_duration": 3600,
            "name": "db90-github-deploy",
            "name_prefix": "",
            "path": "/",
            "permissions_boundary": "",
            "tags": {},
            "tags_all": {
              "ManagedBy": "terraform",
              "Project": "db90"
            },
            "unique_id": "AROA5DMOUP5BM22PWXBN2"
          },
          "sensitive_attributes": [],
          "private": "bnVsbA==",
          "dependencies": [
            "aws_iam_openid_connect_provider.github"
          ]
        }
      ]
    },
    {
      "mode": "managed",
      "type": "aws_iam_role_policy_attachment",
      "name": "github_deploy",
      "provider": "provider[\"registry.terraform.io/hashicorp/aws\"]",
      "instances": [
        {
          "schema_version": 0,
          "attributes": {
            "id": "db90-github-deploy-20260226190815095600000001",
            "policy_arn": "arn:aws:iam::900631658306:policy/db90-github-deploy",
            "role": "db90-github-deploy"
          },
          "sensitive_attributes": [],
          "private": "bnVsbA==",
          "dependencies": [
            "aws_iam_openid_connect_provider.github",
            "aws_iam_policy.github_deploy",
            "aws_iam_role.github_deploy",
            "data.aws_caller_identity.current"
          ]
        }
      ]
    },
    {
      "mode": "managed",
      "type": "aws_route53_zone",
      "name": "main",
      "provider": "provider[\"registry.terraform.io/hashicorp/aws\"]",
      "instances": [
        {
          "schema_version": 0,
          "attributes": {
            "arn": "arn:aws:route53:::hostedzone/Z02455683CP4H1QJHKTVO",
            "comment": "Managed by Terraform",
            "delegation_set_id": "",
            "force_destroy": false,
            "id": "Z02455683CP4H1QJHKTVO",
            "name": "db90.example.com",
            "name_servers": [
              "ns-1308.awsdns-35.org",
              "ns-1724.awsdns-23.co.uk",
              "ns-344.awsdns-43.com",
              "ns-627.awsdns-14.net"
            ],
            "primary_name_server": "ns-344.awsdns-43.com",
            "tags": {},
            "tags_all": {
              "ManagedBy": "terraform",
              "Project": "db90"
            },
            "timeouts": null,
            "vpc": [],
            "zone_id": "Z02455683CP4H1QJHKTVO"
          },
          "sensitive_attributes": [],
          "private": "eyJlMmJmYjczMC1lY2FhLTExZTYtOGY4OC0zNDM2M2JjN2M0YzAiOnsiY3JlYXRlIjoxODAwMDAwMDAwMDAwLCJkZWxldGUiOjE4MDAwMDAwMDAwMDAsInVwZGF0ZSI6MTgwMDAwMDAwMDAwMH19"
        }
      ]
    },
    {
      "mode": "managed",
      "type": "aws_s3_bucket",
      "name": "tfstate",
      "provider": "provider[\"registry.terraform.io/hashicorp/aws\"]",
      "instances": [
        {
          "schema_version": 0,
          "attributes": {
            "acceleration_status": "",
            "acl": null,
            "arn": "arn:aws:s3:::db90-tf-bucket",
            "bucket": "db90-tf-bucket",
            "bucket_domain_name": "db90-tf-bucket.s3.amazonaws.com",
            "bucket_prefix": "",
            "bucket_regional_domain_name": "db90-tf-bucket.s3.us-east-2.amazonaws.com",
            "cors_rule": [],
            "force_destroy": false,
            "grant": [
              {
                "id": "c68b362b84287cf6572baf1dd4310336d1066558eccea667c5bf42f8b6944fbd",
                "permissions": [
                  "FULL_CONTROL"
                ],
                "type": "CanonicalUser",
                "uri": ""
              }
            ],
            "hosted_zone_id": "Z2O1EMRO9K5GLX",
            "id": "db90-tf-bucket",
            "lifecycle_rule": [],
            "logging": [],
            "object_lock_configuration": [],
            "object_lock_enabled": false,
            "policy": "",
            "region": "us-east-2",
            "replication_configuration": [],
            "request_payer": "BucketOwner",
            "server_side_encryption_configuration": [
              {
                "rule": [
                  {
                    "apply_server_side_encryption_by_default": [
                      {
                        "kms_master_key_id": "",
                        "sse_algorithm": "AES256"
                      }
                    ],
                    "bucket_key_enabled": false
                  }
                ]
              }
            ],
            "tags": {},
            "tags_all": {
              "ManagedBy": "terraform",
              "Project": "db90"
            },
            "timeouts": null,
            "versioning": [
              {
                "enabled": true,
                "mfa_delete": false
              }
            ],
            "website": [],
            "website_domain": null,
            "website_endpoint": null
          },
          "sensitive_attributes": [],
          "private": "eyJlMmJmYjczMC1lY2FhLTExZTYtOGY4OC0zNDM2M2JjN2M0YzAiOnsiY3JlYXRlIjoxMjAwMDAwMDAwMDAwLCJkZWxldGUiOjM2MDAwMDAwMDAwMDAsInJlYWQiOjEyMDAwMDAwMDAwMDAsInVwZGF0ZSI6MTIwMDAwMDAwMDAwMH19"
        }
      ]
    },
    {
      "mode": "managed",
      "type": "aws_s3_bucket_public_access_block",
      "name": "tfstate",
      "provider": "provider[\"registry.terraform.io/hashicorp/aws\"]",
      "instances": [
        {
          "schema_version": 0,
          "attributes": {
            "block_public_acls": true,
            "block_public_policy": true,
            "bucket": "db90-tf-bucket",
            "id": "db90-tf-bucket",
            "ignore_public_acls": true,
            "restrict_public_buckets": true
          },
          "sensitive_attributes": [],
          "private": "bnVsbA==",
          "dependencies": [
            "aws_s3_bucket.tfstate"
          ]
        }
      ]
    },
    {
      "mode": "managed",
      "type": "aws_s3_bucket_server_side_encryption_configuration",
      "name": "tfstate",
      "provider": "provider[\"registry.terraform.io/hashicorp/aws\"]",
      "instances": [
        {
          "schema_version": 0,
          "attributes": {
            "bucket": "db90-tf-bucket",
            "expected_bucket_owner": "",
            "id": "db90-tf-bucket",
            "rule": [
              {
                "apply_server_side_encryption_by_default": [
                  {
                    "kms_master_key_id": "",
                    "sse_algorithm": "AES256"
                  }
                ],
                "bucket_key_enabled": false
              }
            ]
          },
          "sensitive_attributes": [],
          "private": "bnVsbA==",
          "dependencies": [
            "aws_s3_bucket.tfstate"
          ]
        }
      ]
    },
    {
      "mode": "managed",
      "type": "aws_s3_bucket_versioning",
      "name": "tfstate",
      "provider": "provider[\"registry.terraform.io/hashicorp/aws\"]",
      "instances": [
        {
          "schema_version": 0,
          "attributes": {
            "bucket": "db90-tf-bucket",
            "expected_bucket_owner": "",
            "id": "db90-tf-bucket",
            "mfa": null,
            "versioning_configuration": [
              {
                "mfa_delete": "",
                "status": "Enabled"
              }
            ]
          },
          "sensitive_attributes": [],
          "private": "bnVsbA==",
          "dependencies": [
            "aws_s3_bucket.tfstate"
          ]
        }
      ]
    },
    {
      "module": "module.ecr_api",
      "mode": "managed",
      "type": "aws_ecr_lifecycle_policy",
      "name": "policy",
      "provider": "provider[\"registry.terraform.io/hashicorp/aws\"]",
      "instances": [
        {
          "schema_version": 0,
          "attributes": {
            "id": "db90-app-api",
            "policy": "{\"rules\":[{\"action\":{\"type\":\"expire\"},\"description\":\"staging: keep last 10 images\",\"rulePriority\":10,\"selection\":{\"countNumber\":10,\"countType\":\"imageCountMoreThan\",\"tagPrefixList\":[\"staging\"],\"tagStatus\":\"tagged\"}},{\"action\":{\"type\":\"expire\"},\"description\":\"production: keep last 20 images\",\"rulePriority\":20,\"selection\":{\"countNumber\":20,\"countType\":\"imageCountMoreThan\",\"tagPrefixList\":[\"production\"],\"tagStatus\":\"tagged\"}},{\"action\":{\"type\":\"expire\"},\"description\":\"Keep last 30 other images\",\"rulePriority\":1000,\"selection\":{\"countNumber\":30,\"countType\":\"imageCountMoreThan\",\"tagStatus\":\"any\"}}]}",
            "registry_id": "900631658306",
            "repository": "db90-app-api"
          },
          "sensitive_attributes": [],
          "private": "bnVsbA==",
          "dependencies": [
            "module.ecr_api.aws_ecr_repository.repo"
          ]
        }
      ]
    },
    {
      "module": "module.ecr_api",
      "mode": "managed",
      "type": "aws_ecr_repository",
      "name": "repo",
      "provider": "provider[\"registry.terraform.io/hashicorp/aws\"]",
      "instances": [
        {
          "schema_version": 0,
          "attributes": {
            "arn": "arn:aws:ecr:us-east-2:900631658306:repository/db90-app-api",
            "encryption_configuration": [
              {
                "encryption_type": "AES256",
                "kms_key": ""
              }
            ],
            "force_delete": null,
            "id": "db90-app-api",
            "image_scanning_configuration": [
              {
                "scan_on_push": false
              }
            ],
            "image_tag_mutability": "MUTABLE",
            "name": "db90-app-api",
            "registry_id": "900631658306",
            "repository_url": "900631658306.dkr.ecr.us-east-2.amazonaws.com/db90-app-api",
            "tags": {},
            "tags_all": {
              "ManagedBy": "terraform",
              "Project": "db90"
            },
            "timeouts": null
          },
          "sensitive_attributes": [],
          "private": "eyJlMmJmYjczMC1lY2FhLTExZTYtOGY4OC0zNDM2M2JjN2M0YzAiOnsiZGVsZXRlIjoxMjAwMDAwMDAwMDAwfX0="
        }
      ]
    },
    {
      "module": "module.ecr_keycloak",
      "mode": "managed",
      "type": "aws_ecr_lifecycle_policy",
      "name": "policy",
      "provider": "provider[\"registry.terraform.io/hashicorp/aws\"]",
      "instances": [
        {
          "schema_version": 0,
          "attributes": {
            "id": "db90-app-keycloak",
            "policy": "{\"rules\":[{\"action\":{\"type\":\"expire\"},\"description\":\"staging: keep last 10 images\",\"rulePriority\":10,\"selection\":{\"countNumber\":10,\"countType\":\"imageCountMoreThan\",\"tagPrefixList\":[\"staging\"],\"tagStatus\":\"tagged\"}},{\"action\":{\"type\":\"expire\"},\"description\":\"production: keep last 20 images\",\"rulePriority\":20,\"selection\":{\"countNumber\":20,\"countType\":\"imageCountMoreThan\",\"tagPrefixList\":[\"production\"],\"tagStatus\":\"tagged\"}},{\"action\":{\"type\":\"expire\"},\"description\":\"Keep last 30 other images\",\"rulePriority\":1000,\"selection\":{\"countNumber\":30,\"countType\":\"imageCountMoreThan\",\"tagStatus\":\"any\"}}]}",
            "registry_id": "900631658306",
            "repository": "db90-app-keycloak"
          },
          "sensitive_attributes": [],
          "private": "bnVsbA==",
          "dependencies": [
            "module.ecr_keycloak.aws_ecr_repository.repo"
          ]
        }
      ]
    },
    {
      "module": "module.ecr_keycloak",
      "mode": "managed",
      "type": "aws_ecr_repository",
      "name": "repo",
      "provider": "provider[\"registry.terraform.io/hashicorp/aws\"]",
      "instances": [
        {
          "schema_version": 0,
          "attributes": {
            "arn": "arn:aws:ecr:us-east-2:900631658306:repository/db90-app-keycloak",
            "encryption_configuration": [
              {
                "encryption_type": "AES256",
                "kms_key": ""
              }
            ],
            "force_delete": null,
            "id": "db90-app-keycloak",
            "image_scanning_configuration": [
              {
                "scan_on_push": false
              }
            ],
            "image_tag_mutability": "MUTABLE",
            "name": "db90-app-keycloak",
            "registry_id": "900631658306",
            "repository_url": "900631658306.dkr.ecr.us-east-2.amazonaws.com/db90-app-keycloak",
            "tags": {},
            "tags_all": {
              "ManagedBy": "terraform",
              "Project": "db90"
            },
            "timeouts": null
          },
          "sensitive_attributes": [],
          "private": "eyJlMmJmYjczMC1lY2FhLTExZTYtOGY4OC0zNDM2M2JjN2M0YzAiOnsiZGVsZXRlIjoxMjAwMDAwMDAwMDAwfX0="
        }
      ]
    },
    {
      "module": "module.ecr_temporal_worker",
      "mode": "managed",
      "type": "aws_ecr_lifecycle_policy",
      "name": "policy",
      "provider": "provider[\"registry.terraform.io/hashicorp/aws\"]",
      "instances": [
        {
          "schema_version": 0,
          "attributes": {
            "id": "db90-app-temporal-worker",
            "policy": "{\"rules\":[{\"action\":{\"type\":\"expire\"},\"description\":\"staging: keep last 10 images\",\"rulePriority\":10,\"selection\":{\"countNumber\":10,\"countType\":\"imageCountMoreThan\",\"tagPrefixList\":[\"staging\"],\"tagStatus\":\"tagged\"}},{\"action\":{\"type\":\"expire\"},\"description\":\"production: keep last 20 images\",\"rulePriority\":20,\"selection\":{\"countNumber\":20,\"countType\":\"imageCountMoreThan\",\"tagPrefixList\":[\"production\"],\"tagStatus\":\"tagged\"}},{\"action\":{\"type\":\"expire\"},\"description\":\"Keep last 30 other images\",\"rulePriority\":1000,\"selection\":{\"countNumber\":30,\"countType\":\"imageCountMoreThan\",\"tagStatus\":\"any\"}}]}",
            "registry_id": "900631658306",
            "repository": "db90-app-temporal-worker"
          },
          "sensitive_attributes": [],
          "private": "bnVsbA==",
          "dependencies": [
            "module.ecr_temporal_worker.aws_ecr_repository.repo"
          ]
        }
      ]
    },
    {
      "module": "module.ecr_temporal_worker",
      "mode": "managed",
      "type": "aws_ecr_repository",
      "name": "repo",
      "provider": "provider[\"registry.terraform.io/hashicorp/aws\"]",
      "instances": [
        {
          "schema_version": 0,
          "attributes": {
            "arn": "arn:aws:ecr:us-east-2:900631658306:repository/db90-app-temporal-worker",
            "encryption_configuration": [
              {
                "encryption_type": "AES256",
                "kms_key": ""
              }
            ],
            "force_delete": null,
            "id": "db90-app-temporal-worker",
            "image_scanning_configuration": [
              {
                "scan_on_push": false
              }
            ],
            "image_tag_mutability": "MUTABLE",
            "name": "db90-app-temporal-worker",
            "registry_id": "900631658306",
            "repository_url": "900631658306.dkr.ecr.us-east-2.amazonaws.com/db90-app-temporal-worker",
            "tags": {},
            "tags_all": {
              "ManagedBy": "terraform",
              "Project": "db90"
            },
            "timeouts": null
          },
          "sensitive_attributes": [],
          "private": "eyJlMmJmYjczMC1lY2FhLTExZTYtOGY4OC0zNDM2M2JjN2M0YzAiOnsiZGVsZXRlIjoxMjAwMDAwMDAwMDAwfX0="
        }
      ]
    },
    {
      "module": "module.ecr_web",
      "mode": "managed",
      "type": "aws_ecr_lifecycle_policy",
      "name": "policy",
      "provider": "provider[\"registry.terraform.io/hashicorp/aws\"]",
      "instances": [
        {
          "schema_version": 0,
          "attributes": {
            "id": "db90-app-web",
            "policy": "{\"rules\":[{\"action\":{\"type\":\"expire\"},\"description\":\"staging: keep last 10 images\",\"rulePriority\":10,\"selection\":{\"countNumber\":10,\"countType\":\"imageCountMoreThan\",\"tagPrefixList\":[\"staging\"],\"tagStatus\":\"tagged\"}},{\"action\":{\"type\":\"expire\"},\"description\":\"production: keep last 20 images\",\"rulePriority\":20,\"selection\":{\"countNumber\":20,\"countType\":\"imageCountMoreThan\",\"tagPrefixList\":[\"production\"],\"tagStatus\":\"tagged\"}},{\"action\":{\"type\":\"expire\"},\"description\":\"Keep last 30 other images\",\"rulePriority\":1000,\"selection\":{\"countNumber\":30,\"countType\":\"imageCountMoreThan\",\"tagStatus\":\"any\"}}]}",
            "registry_id": "900631658306",
            "repository": "db90-app-web"
          },
          "sensitive_attributes": [],
          "private": "bnVsbA==",
          "dependencies": [
            "module.ecr_web.aws_ecr_repository.repo"
          ]
        }
      ]
    },
    {
      "module": "module.ecr_web",
      "mode": "managed",
      "type": "aws_ecr_repository",
      "name": "repo",
      "provider": "provider[\"registry.terraform.io/hashicorp/aws\"]",
      "instances": [
        {
          "schema_version": 0,
          "attributes": {
            "arn": "arn:aws:ecr:us-east-2:900631658306:repository/db90-app-web",
            "encryption_configuration": [
              {
                "encryption_type": "AES256",
                "kms_key": ""
              }
            ],
            "force_delete": null,
            "id": "db90-app-web",
            "image_scanning_configuration": [
              {
                "scan_on_push": false
              }
            ],
            "image_tag_mutability": "MUTABLE",
            "name": "db90-app-web",
            "registry_id": "900631658306",
            "repository_url": "900631658306.dkr.ecr.us-east-2.amazonaws.com/db90-app-web",
            "tags": {},
            "tags_all": {
              "ManagedBy": "terraform",
              "Project": "db90"
            },
            "timeouts": null
          },
          "sensitive_attributes": [],
          "private": "eyJlMmJmYjczMC1lY2FhLTExZTYtOGY4OC0zNDM2M2JjN2M0YzAiOnsiZGVsZXRlIjoxMjAwMDAwMDAwMDAwfX0="
        }
      ]
    }
  ],
  "check_results": null
}
